// !$*UTF8*$!
{
	archiveVersion = 1;
	classes = {
	};
	objectVersion = 77;
	objects = {

/* Begin PBXBuildFile section */
		888014E2306149D600C2FEC0 /* Localizable.strings in Resources */ = {isa = PBXBuildFile; fileRef = 888014DF306149D600C2FEC0 /* Localizable.strings */; };
		888014E3306149D600C2FEC0 /* InfoPlist.strings in Resources */ = {isa = PBXBuildFile; fileRef = 888014DE306149D600C2FEC0 /* InfoPlist.strings */; };
		A1000103 /* RunieKit in Frameworks */ = {isa = PBXBuildFile; productRef = A1000401 /* RunieKit */; };
		A1000104 /* Sparkle in Frameworks */ = {isa = PBXBuildFile; productRef = A1000403 /* Sparkle */; };
/* End PBXBuildFile section */

/* Begin PBXFileReference section */
		888014E0306149D600C2FEC0 /* en */ = {isa = PBXFileReference; lastKnownFileType = text.plist.strings; name = en; path = en.lproj/InfoPlist.strings; sourceTree = "<group>"; };
		888014E1306149D600C2FEC0 /* en */ = {isa = PBXFileReference; lastKnownFileType = text.plist.strings; name = en; path = en.lproj/Localizable.strings; sourceTree = "<group>"; };
		A1000000 /* Runie.app */ = {isa = PBXFileReference; explicitFileType = wrapper.application; includeInIndex = 0; path = Runie.app; sourceTree = BUILT_PRODUCTS_DIR; };
		A1000003 /* Info.plist */ = {isa = PBXFileReference; lastKnownFileType = text.plist.xml; path = Info.plist; sourceTree = "<group>"; };
		A1000004 /* Runie.entitlements */ = {isa = PBXFileReference; lastKnownFileType = text.plist.entitlements; path = Runie.entitlements; sourceTree = "<group>"; };
/* End PBXFileReference section */

/* Begin PBXFileSystemSynchronizedRootGroup section */
		A1000800 /* Runie */ = {
			isa = PBXFileSystemSynchronizedRootGroup;
			path = Runie;
			sourceTree = "<group>";
		};
/* End PBXFileSystemSynchronizedRootGroup section */

/* Begin PBXFrameworksBuildPhase section */
		A1000200 /* Frameworks */ = {
			isa = PBXFrameworksBuildPhase;
			buildActionMask = 2147483647;
			files = (
				A1000103 /* RunieKit in Frameworks */,
				A1000104 /* Sparkle in Frameworks */,
			);
			runOnlyForDeploymentPostprocessing = 0;
		};
/* End PBXFrameworksBuildPhase section */

/* Begin PBXGroup section */
		A1000300 = {
			isa = PBXGroup;
			children = (
				A1000302 /* App */,
				A1000301 /* Products */,
			);
			sourceTree = "<group>";
		};
		A1000301 /* Products */ = {
			isa = PBXGroup;
			children = (
				A1000000 /* Runie.app */,
			);
			name = Products;
			sourceTree = "<group>";
		};
		A1000302 /* App */ = {
			isa = PBXGroup;
			children = (
				A1000800 /* Runie */,
				A1000003 /* Info.plist */,
				888014DE306149D600C2FEC0 /* InfoPlist.strings */,
				888014DF306149D600C2FEC0 /* Localizable.strings */,
				A1000004 /* Runie.entitlements */,
			);
			path = App;
			sourceTree = "<group>";
		};
/* End PBXGroup section */

/* Begin PBXNativeTarget section */
		A1000500 /* Runie */ = {
			isa = PBXNativeTarget;
			buildConfigurationList = A1000603 /* Build configuration list for PBXNativeTarget "Runie" */;
			buildPhases = (
				A1000201 /* Sources */,
				A1000200 /* Frameworks */,
				A1000202 /* Resources */,
			);
			buildRules = (
			);
			dependencies = (
			);
			fileSystemSynchronizedGroups = (
				A1000800 /* Runie */,
			);
			name = Runie;
			packageProductDependencies = (
				A1000401 /* RunieKit */,
				A1000403 /* Sparkle */,
			);
			productName = Runie;
			productReference = A1000000 /* Runie.app */;
			productType = "com.apple.product-type.application";
		};
/* End PBXNativeTarget section */

/* Begin PBXProject section */
		A1000700 /* Project object */ = {
			isa = PBXProject;
			attributes = {
				BuildIndependentTargetsInParallel = 1;
				LastSwiftUpdateCheck = 2700;
				LastUpgradeCheck = 2700;
				TargetAttributes = {
					A1000500 = {
						CreatedOnToolsVersion = 27.0;
					};
				};
			};
			buildConfigurationList = A1000600 /* Build configuration list for PBXProject "Runie" */;
			developmentRegion = ru;
			hasScannedForEncodings = 0;
			knownRegions = (
				en,
				ru,
				Base,
			);
			mainGroup = A1000300;
			minimizedProjectReferenceProxies = 1;
			packageReferences = (
				A1000400 /* XCLocalSwiftPackageReference "Packages/RunieKit" */,
				A1000402 /* XCRemoteSwiftPackageReference "Sparkle" */,
			);
			preferredProjectObjectVersion = 77;
			productRefGroup = A1000301 /* Products */;
			projectDirPath = "";
			projectRoot = "";
			targets = (
				A1000500 /* Runie */,
			);
		};
/* End PBXProject section */

/* Begin PBXResourcesBuildPhase section */
		A1000202 /* Resources */ = {
			isa = PBXResourcesBuildPhase;
			buildActionMask = 2147483647;
			files = (
				888014E2306149D600C2FEC0 /* Localizable.strings in Resources */,
				888014E3306149D600C2FEC0 /* InfoPlist.strings in Resources */,
			);
			runOnlyForDeploymentPostprocessing = 0;
		};
/* End PBXResourcesBuildPhase section */

/* Begin PBXSourcesBuildPhase section */
		A1000201 /* Sources */ = {
			isa = PBXSourcesBuildPhase;
			buildActionMask = 2147483647;
			files = (
			);
			runOnlyForDeploymentPostprocessing = 0;
		};
/* End PBXSourcesBuildPhase section */

/* Begin PBXVariantGroup section */
		888014DE306149D600C2FEC0 /* InfoPlist.strings */ = {
			isa = PBXVariantGroup;
			children = (
				888014E0306149D600C2FEC0 /* en */,
			);
			name = InfoPlist.strings;
			sourceTree = "<group>";
		};
		888014DF306149D600C2FEC0 /* Localizable.strings */ = {
			isa = PBXVariantGroup;
			children = (
				888014E1306149D600C2FEC0 /* en */,
			);
			name = Localizable.strings;
			sourceTree = "<group>";
		};
/* End PBXVariantGroup section */

/* Begin XCBuildConfiguration section */
		A1000601 /* Debug */ = {
			isa = XCBuildConfiguration;
			buildSettings = {
				ARCHS = arm64;
				ALWAYS_SEARCH_USER_PATHS = NO;
				CLANG_ENABLE_OBJC_WEAK = YES;
				COPY_PHASE_STRIP = NO;
				DEBUG_INFORMATION_FORMAT = dwarf;
				ENABLE_STRICT_OBJC_MSGSEND = YES;
				ENABLE_TESTABILITY = YES;
				GCC_OPTIMIZATION_LEVEL = 0;
				GCC_PREPROCESSOR_DEFINITIONS = (
					"DEBUG=1",
					"$(inherited)",
				);
				MACOSX_DEPLOYMENT_TARGET = 26.0;
				MTL_ENABLE_DEBUG_INFO = INCLUDE_SOURCE;
				ONLY_ACTIVE_ARCH = YES;
				SDKROOT = macosx;
				SWIFT_ACTIVE_COMPILATION_CONDITIONS = "DEBUG $(inherited)";
				SWIFT_OPTIMIZATION_LEVEL = "-Onone";
				SWIFT_VERSION = 6.0;
			};
			name = Debug;
		};
		A1000602 /* Release */ = {
			isa = XCBuildConfiguration;
			buildSettings = {
				ARCHS = arm64;
				ALWAYS_SEARCH_USER_PATHS = NO;
				CLANG_ENABLE_OBJC_WEAK = YES;
				COPY_PHASE_STRIP = NO;
				DEBUG_INFORMATION_FORMAT = "dwarf-with-dsym";
				ENABLE_NS_ASSERTIONS = NO;
				ENABLE_STRICT_OBJC_MSGSEND = YES;
				MACOSX_DEPLOYMENT_TARGET = 26.0;
				MTL_ENABLE_DEBUG_INFO = NO;
				SDKROOT = macosx;
				SWIFT_COMPILATION_MODE = wholemodule;
				SWIFT_VERSION = 6.0;
			};
			name = Release;
		};
		A1000604 /* Debug */ = {
			isa = XCBuildConfiguration;
			buildSettings = {
				ARCHS = arm64;
				CODE_SIGN_ENTITLEMENTS = App/Runie.entitlements;
				CODE_SIGN_IDENTITY = "Runie Local Signing";
				CODE_SIGN_STYLE = Manual;
				COMBINE_HIDPI_IMAGES = YES;
				CURRENT_PROJECT_VERSION = 129;
				ENABLE_HARDENED_RUNTIME = YES;
				ENABLE_PREVIEWS = YES;
				GENERATE_INFOPLIST_FILE = NO;
				INFOPLIST_FILE = App/Info.plist;
				LD_RUNPATH_SEARCH_PATHS = (
					"$(inherited)",
					"@executable_path/../Frameworks",
				);
				MARKETING_VERSION = 0.3.3;
				PRODUCT_BUNDLE_IDENTIFIER = app.runie.Runie;
				PRODUCT_NAME = "$(TARGET_NAME)";
				SWIFT_EMIT_LOC_STRINGS = YES;
				SWIFT_VERSION = 6.0;
			};
			name = Debug;
		};
		A1000605 /* Release */ = {
			isa = XCBuildConfiguration;
			buildSettings = {
				ARCHS = arm64;
				CODE_SIGN_ENTITLEMENTS = App/Runie.entitlements;
				CODE_SIGN_IDENTITY = "-";
				CODE_SIGN_STYLE = Automatic;
				COMBINE_HIDPI_IMAGES = YES;
				CURRENT_PROJECT_VERSION = 129;
				ENABLE_HARDENED_RUNTIME = YES;
				ENABLE_PREVIEWS = YES;
				GENERATE_INFOPLIST_FILE = NO;
				INFOPLIST_FILE = App/Info.plist;
				LD_RUNPATH_SEARCH_PATHS = (
					"$(inherited)",
					"@executable_path/../Frameworks",
				);
				MARKETING_VERSION = 0.3.3;
				PRODUCT_BUNDLE_IDENTIFIER = app.runie.Runie;
				PRODUCT_NAME = "$(TARGET_NAME)";
				SWIFT_EMIT_LOC_STRINGS = YES;
				SWIFT_VERSION = 6.0;
			};
			name = Release;
		};
/* End XCBuildConfiguration section */

/* Begin XCConfigurationList section */
		A1000600 /* Build configuration list for PBXProject "Runie" */ = {
			isa = XCConfigurationList;
			buildConfigurations = (
				A1000601 /* Debug */,
				A1000602 /* Release */,
			);
			defaultConfigurationIsVisible = 0;
			defaultConfigurationName = Release;
		};
		A1000603 /* Build configuration list for PBXNativeTarget "Runie" */ = {
			isa = XCConfigurationList;
			buildConfigurations = (
				A1000604 /* Debug */,
				A1000605 /* Release */,
			);
			defaultConfigurationIsVisible = 0;
			defaultConfigurationName = Release;
		};
/* End XCConfigurationList section */

/* Begin XCLocalSwiftPackageReference section */
		A1000400 /* XCLocalSwiftPackageReference "Packages/RunieKit" */ = {
			isa = XCLocalSwiftPackageReference;
			relativePath = Packages/RunieKit;
		};
/* End XCLocalSwiftPackageReference section */

/* Begin XCRemoteSwiftPackageReference section */
		A1000402 /* XCRemoteSwiftPackageReference "Sparkle" */ = {
			isa = XCRemoteSwiftPackageReference;
			repositoryURL = "https://github.com/sparkle-project/Sparkle";
			requirement = {
				kind = upToNextMajorVersion;
				minimumVersion = 2.10.0;
			};
		};
/* End XCRemoteSwiftPackageReference section */

/* Begin XCSwiftPackageProductDependency section */
		A1000401 /* RunieKit */ = {
			isa = XCSwiftPackageProductDependency;
			productName = RunieKit;
		};
		A1000403 /* Sparkle */ = {
			isa = XCSwiftPackageProductDependency;
			package = A1000402 /* XCRemoteSwiftPackageReference "Sparkle" */;
			productName = Sparkle;
		};
/* End XCSwiftPackageProductDependency section */
	};
	rootObject = A1000700 /* Project object */;
}
